{
  "originHash" : "ffc436763477ee6d91ed1a42b3672e9efb5057cb2ce08f7a69fa11d31bdb3fc1",
  "pins" : [
    {
      "identity" : "koreanlunarsolarconverter",
      "kind" : "remoteSourceControl",
      "location" : "https://github.com/swift-man/KoreanLunarSolarConverter.git",
      "state" : {
        "revision" : "c824f1037e9011e56280f1c0d7627d33d7d01827",
        "version" : "0.7.2"
      }
    }
  ],
  "version" : 3
}
