// !$*UTF8*$!
{
	archiveVersion = 1;
	classes = {
	};
	objectVersion = 56;
	objects = {

/* Begin PBXBuildFile section */
		896A53532CC6087D004631A9 /* BdayTextView.swift in Sources */ = {isa = PBXBuildFile; fileRef = 896A53522CC6087D004631A9 /* BdayTextView.swift */; };
		8983D72D2CD76E84006C3F66 /* ZenDots-Regular.ttf in Resources */ = {isa = PBXBuildFile; fileRef = 8983D72C2CD76E84006C3F66 /* ZenDots-Regular.ttf */; };
		930885532CD8AA6000E052E8 /* SaveGiftView.swift in Sources */ = {isa = PBXBuildFile; fileRef = 930885522CD8AA6000E052E8 /* SaveGiftView.swift */; };
		932F21212CD7D68F00BF696C /* GiveAndTakeView.swift in Sources */ = {isa = PBXBuildFile; fileRef = 932F21202CD7D68F00BF696C /* GiveAndTakeView.swift */; };
		936878822CD98F2F0063D4F7 /* GiftView.swift in Sources */ = {isa = PBXBuildFile; fileRef = 936878812CD98F2F0063D4F7 /* GiftView.swift */; };
		936878872CDC59480063D4F7 /* HeaderView.swift in Sources */ = {isa = PBXBuildFile; fileRef = 936878862CDC59480063D4F7 /* HeaderView.swift */; };
		936878892CDC59AC0063D4F7 /* CalendarGridView.swift in Sources */ = {isa = PBXBuildFile; fileRef = 936878882CDC59AC0063D4F7 /* CalendarGridView.swift */; };
		9368788B2CDC5A5B0063D4F7 /* CardListView.swift in Sources */ = {isa = PBXBuildFile; fileRef = 9368788A2CDC5A5B0063D4F7 /* CardListView.swift */; };
		9368788E2CDC5B040063D4F7 /* Extension+Date.swift in Sources */ = {isa = PBXBuildFile; fileRef = 9368788D2CDC5B000063D4F7 /* Extension+Date.swift */; };
		93ED0E922CC10185003250A9 /* MockData.swift in Sources */ = {isa = PBXBuildFile; fileRef = 93ED0E912CC10185003250A9 /* MockData.swift */; };
		9E3DA4CB2CC12CB300909C85 /* Helper+Color.swift in Sources */ = {isa = PBXBuildFile; fileRef = 9E3DA4CA2CC12CB300909C85 /* Helper+Color.swift */; };
		9E66AF5A2CC13B08001323D9 /* Pretendard-SemiBold.otf in Resources */ = {isa = PBXBuildFile; fileRef = 9E66AF572CC13B08001323D9 /* Pretendard-SemiBold.otf */; };
		9E66AF5B2CC13B08001323D9 /* Pretendard-ExtraBold.otf in Resources */ = {isa = PBXBuildFile; fileRef = 9E66AF522CC13B08001323D9 /* Pretendard-ExtraBold.otf */; };
		9E66AF5C2CC13B08001323D9 /* Pretendard-Black.otf in Resources */ = {isa = PBXBuildFile; fileRef = 9E66AF502CC13B08001323D9 /* Pretendard-Black.otf */; };
		9E66AF5D2CC13B08001323D9 /* Pretendard-Regular.otf in Resources */ = {isa = PBXBuildFile; fileRef = 9E66AF562CC13B08001323D9 /* Pretendard-Regular.otf */; };
		9E66AF5E2CC13B08001323D9 /* Pretendard-ExtraLight.otf in Resources */ = {isa = PBXBuildFile; fileRef = 9E66AF532CC13B08001323D9 /* Pretendard-ExtraLight.otf */; };
		9E66AF5F2CC13B08001323D9 /* Pretendard-Light.otf in Resources */ = {isa = PBXBuildFile; fileRef = 9E66AF542CC13B08001323D9 /* Pretendard-Light.otf */; };
		9E66AF602CC13B08001323D9 /* Pretendard-Bold.otf in Resources */ = {isa = PBXBuildFile; fileRef = 9E66AF512CC13B08001323D9 /* Pretendard-Bold.otf */; };
		9E66AF612CC13B08001323D9 /* Pretendard-Medium.otf in Resources */ = {isa = PBXBuildFile; fileRef = 9E66AF552CC13B08001323D9 /* Pretendard-Medium.otf */; };
		9E66AF622CC13B08001323D9 /* Pretendard-Thin.otf in Resources */ = {isa = PBXBuildFile; fileRef = 9E66AF582CC13B08001323D9 /* Pretendard-Thin.otf */; };
		9E7F90822CC89894008F0F23 /* LunarToSolarConversionView.swift in Sources */ = {isa = PBXBuildFile; fileRef = 9E7F90812CC89894008F0F23 /* LunarToSolarConversionView.swift */; };
		9E7F90852CCB9FE5008F0F23 /* KoreanLunarSolarConverter in Frameworks */ = {isa = PBXBuildFile; productRef = 9E7F90842CCB9FE5008F0F23 /* KoreanLunarSolarConverter */; };
		9ED52C082CD8ED7400FC5D8B /* UpComingBdayCardView.swift in Sources */ = {isa = PBXBuildFile; fileRef = 9ED52C072CD8ED7400FC5D8B /* UpComingBdayCardView.swift */; };
		9EF7D56D2CC146D4003A3B79 /* LocalNotificationManager.swift in Sources */ = {isa = PBXBuildFile; fileRef = 9EF7D56C2CC146D4003A3B79 /* LocalNotificationManager.swift */; };
		F734F1812CD4CC5B00108CCC /* BdayGift.swift in Sources */ = {isa = PBXBuildFile; fileRef = F734F1802CD4CC5B00108CCC /* BdayGift.swift */; };
		F734F1832CD4CCBD00108CCC /* BdayTag.swift in Sources */ = {isa = PBXBuildFile; fileRef = F734F1822CD4CCBD00108CCC /* BdayTag.swift */; };
		F734F1852CD4CD1300108CCC /* BDayAndGiftCombination.swift in Sources */ = {isa = PBXBuildFile; fileRef = F734F1842CD4CD1300108CCC /* BDayAndGiftCombination.swift */; };
		F734F1872CD4FF3800108CCC /* GiftStatus.swift in Sources */ = {isa = PBXBuildFile; fileRef = F734F1862CD4FF3800108CCC /* GiftStatus.swift */; };
		F734F18B2CD699DB00108CCC /* Helper+Keyboard.swift in Sources */ = {isa = PBXBuildFile; fileRef = F734F18A2CD699DB00108CCC /* Helper+Keyboard.swift */; };
		F734F18D2CD76C2600108CCC /* PersonDetailView.swift in Sources */ = {isa = PBXBuildFile; fileRef = F734F18C2CD76C2600108CCC /* PersonDetailView.swift */; };
		F734F18F2CD78ACF00108CCC /* SetDateView.swift in Sources */ = {isa = PBXBuildFile; fileRef = F734F18E2CD78ACF00108CCC /* SetDateView.swift */; };
		F7386FA12CC0F83700C38E73 /* DoBdayApp.swift in Sources */ = {isa = PBXBuildFile; fileRef = F7386FA02CC0F83700C38E73 /* DoBdayApp.swift */; };
		F7386FA32CC0F83700C38E73 /* UpComingBdayView.swift in Sources */ = {isa = PBXBuildFile; fileRef = F7386FA22CC0F83700C38E73 /* UpComingBdayView.swift */; };
		F7386FA52CC0F83900C38E73 /* Assets.xcassets in Resources */ = {isa = PBXBuildFile; fileRef = F7386FA42CC0F83900C38E73 /* Assets.xcassets */; };
		F7386FA82CC0F83900C38E73 /* Preview Assets.xcassets in Resources */ = {isa = PBXBuildFile; fileRef = F7386FA72CC0F83900C38E73 /* Preview Assets.xcassets */; };
		F7386FB62CC0F8F900C38E73 /* Bday.swift in Sources */ = {isa = PBXBuildFile; fileRef = F7386FB52CC0F8F900C38E73 /* Bday.swift */; };
		F7386FB82CC0F90000C38E73 /* ViewModel.swift in Sources */ = {isa = PBXBuildFile; fileRef = F7386FB72CC0F90000C38E73 /* ViewModel.swift */; };
		F7386FBA2CC0F90C00C38E73 /* Component.swift in Sources */ = {isa = PBXBuildFile; fileRef = F7386FB92CC0F90C00C38E73 /* Component.swift */; };
		F7386FBC2CC0F91F00C38E73 /* Helper+Fonts.swift in Sources */ = {isa = PBXBuildFile; fileRef = F7386FBB2CC0F91F00C38E73 /* Helper+Fonts.swift */; };
		F7386FBE2CC1009D00C38E73 /* CalendarView.swift in Sources */ = {isa = PBXBuildFile; fileRef = F7386FBD2CC1009D00C38E73 /* CalendarView.swift */; };
		F7386FC02CC100AC00C38E73 /* SaveBdayView.swift in Sources */ = {isa = PBXBuildFile; fileRef = F7386FBF2CC100AC00C38E73 /* SaveBdayView.swift */; };
		F7386FC42CC4F9FA00C38E73 /* Helper+ImagePicker.swift in Sources */ = {isa = PBXBuildFile; fileRef = F7386FC32CC4F9FA00C38E73 /* Helper+ImagePicker.swift */; };
		F767F2A82CD9C7CE001BDDC0 /* SetTagView.swift in Sources */ = {isa = PBXBuildFile; fileRef = F767F2A72CD9C7CE001BDDC0 /* SetTagView.swift */; };
		F7AEA0A42CDCBF0700D57503 /* IsLunarDateTextView.swift in Sources */ = {isa = PBXBuildFile; fileRef = F7AEA0A32CDCBF0700D57503 /* IsLunarDateTextView.swift */; };
		F7AEA0A72CDCBF4100D57503 /* ButtonOfShowingSheetForSettingDateView.swift in Sources */ = {isa = PBXBuildFile; fileRef = F7AEA0A62CDCBF4100D57503 /* ButtonOfShowingSheetForSettingDateView.swift */; };
		F7AEA0A92CDCBF4D00D57503 /* DatePickerOfSetDateView.swift in Sources */ = {isa = PBXBuildFile; fileRef = F7AEA0A82CDCBF4D00D57503 /* DatePickerOfSetDateView.swift */; };
		F7AEA0AC2CDCC3B600D57503 /* TextFieldForTagView.swift in Sources */ = {isa = PBXBuildFile; fileRef = F7AEA0AB2CDCC3B600D57503 /* TextFieldForTagView.swift */; };
		F7AEA0AE2CDCC3C900D57503 /* ChoosingColorOfTagView.swift in Sources */ = {isa = PBXBuildFile; fileRef = F7AEA0AD2CDCC3C900D57503 /* ChoosingColorOfTagView.swift */; };
		F7AEA0B02CDCC3DC00D57503 /* ButtonOfSavingBdayTagView.swift in Sources */ = {isa = PBXBuildFile; fileRef = F7AEA0AF2CDCC3DC00D57503 /* ButtonOfSavingBdayTagView.swift */; };
		F7AEA0B52CDCC7EC00D57503 /* ShowingProfileOfPersonView.swift in Sources */ = {isa = PBXBuildFile; fileRef = F7AEA0B42CDCC7EC00D57503 /* ShowingProfileOfPersonView.swift */; };
		F7AEA0B72CDCC80600D57503 /* ShowingPresentForGivingToYouView.swift in Sources */ = {isa = PBXBuildFile; fileRef = F7AEA0B62CDCC80600D57503 /* ShowingPresentForGivingToYouView.swift */; };
		F7AEA0B92CDCC81D00D57503 /* ShowingTasteCollageView.swift in Sources */ = {isa = PBXBuildFile; fileRef = F7AEA0B82CDCC81D00D57503 /* ShowingTasteCollageView.swift */; };
		F7AEA0BB2CDCC83300D57503 /* ShowingPresentForGiveAndTakeView.swift in Sources */ = {isa = PBXBuildFile; fileRef = F7AEA0BA2CDCC83300D57503 /* ShowingPresentForGiveAndTakeView.swift */; };
		F7E8AFCB2CDA11F1007CD507 /* PersonListView.swift in Sources */ = {isa = PBXBuildFile; fileRef = F7E8AFCA2CDA11F1007CD507 /* PersonListView.swift */; };
/* End PBXBuildFile section */

/* Begin PBXFileReference section */
		896A53522CC6087D004631A9 /* BdayTextView.swift */ = {isa = PBXFileReference; lastKnownFileType = sourcecode.swift; path = BdayTextView.swift; sourceTree = "<group>"; };
		8983D72C2CD76E84006C3F66 /* ZenDots-Regular.ttf */ = {isa = PBXFileReference; lastKnownFileType = file; path = "ZenDots-Regular.ttf"; sourceTree = "<group>"; };
		930885522CD8AA6000E052E8 /* SaveGiftView.swift */ = {isa = PBXFileReference; lastKnownFileType = sourcecode.swift; path = SaveGiftView.swift; sourceTree = "<group>"; };
		932F21202CD7D68F00BF696C /* GiveAndTakeView.swift */ = {isa = PBXFileReference; lastKnownFileType = sourcecode.swift; path = GiveAndTakeView.swift; sourceTree = "<group>"; };
		936878812CD98F2F0063D4F7 /* GiftView.swift */ = {isa = PBXFileReference; lastKnownFileType = sourcecode.swift; path = GiftView.swift; sourceTree = "<group>"; };
		936878862CDC59480063D4F7 /* HeaderView.swift */ = {isa = PBXFileReference; lastKnownFileType = sourcecode.swift; path = HeaderView.swift; sourceTree = "<group>"; };
		936878882CDC59AC0063D4F7 /* CalendarGridView.swift */ = {isa = PBXFileReference; lastKnownFileType = sourcecode.swift; path = CalendarGridView.swift; sourceTree = "<group>"; };
		9368788A2CDC5A5B0063D4F7 /* CardListView.swift */ = {isa = PBXFileReference; lastKnownFileType = sourcecode.swift; path = CardListView.swift; sourceTree = "<group>"; };
		9368788D2CDC5B000063D4F7 /* Extension+Date.swift */ = {isa = PBXFileReference; lastKnownFileType = sourcecode.swift; path = "Extension+Date.swift"; sourceTree = "<group>"; };
		93ED0E912CC10185003250A9 /* MockData.swift */ = {isa = PBXFileReference; lastKnownFileType = sourcecode.swift; path = MockData.swift; sourceTree = "<group>"; };
		9E3DA4CA2CC12CB300909C85 /* Helper+Color.swift */ = {isa = PBXFileReference; lastKnownFileType = sourcecode.swift; path = "Helper+Color.swift"; sourceTree = "<group>"; };
		9E66AF4F2CC13A93001323D9 /* Info.plist */ = {isa = PBXFileReference; lastKnownFileType = text.plist; path = Info.plist; sourceTree = "<group>"; };
		9E66AF502CC13B08001323D9 /* Pretendard-Black.otf */ = {isa = PBXFileReference; lastKnownFileType = file; path = "Pretendard-Black.otf"; sourceTree = "<group>"; };
		9E66AF512CC13B08001323D9 /* Pretendard-Bold.otf */ = {isa = PBXFileReference; lastKnownFileType = file; path = "Pretendard-Bold.otf"; sourceTree = "<group>"; };
		9E66AF522CC13B08001323D9 /* Pretendard-ExtraBold.otf */ = {isa = PBXFileReference; lastKnownFileType = file; path = "Pretendard-ExtraBold.otf"; sourceTree = "<group>"; };
		9E66AF532CC13B08001323D9 /* Pretendard-ExtraLight.otf */ = {isa = PBXFileReference; lastKnownFileType = file; path = "Pretendard-ExtraLight.otf"; sourceTree = "<group>"; };
		9E66AF542CC13B08001323D9 /* Pretendard-Light.otf */ = {isa = PBXFileReference; lastKnownFileType = file; path = "Pretendard-Light.otf"; sourceTree = "<group>"; };
		9E66AF552CC13B08001323D9 /* Pretendard-Medium.otf */ = {isa = PBXFileReference; lastKnownFileType = file; path = "Pretendard-Medium.otf"; sourceTree = "<group>"; };
		9E66AF562CC13B08001323D9 /* Pretendard-Regular.otf */ = {isa = PBXFileReference; lastKnownFileType = file; path = "Pretendard-Regular.otf"; sourceTree = "<group>"; };
		9E66AF572CC13B08001323D9 /* Pretendard-SemiBold.otf */ = {isa = PBXFileReference; lastKnownFileType = file; path = "Pretendard-SemiBold.otf"; sourceTree = "<group>"; };
		9E66AF582CC13B08001323D9 /* Pretendard-Thin.otf */ = {isa = PBXFileReference; lastKnownFileType = file; path = "Pretendard-Thin.otf"; sourceTree = "<group>"; };
		9E7F90812CC89894008F0F23 /* LunarToSolarConversionView.swift */ = {isa = PBXFileReference; lastKnownFileType = sourcecode.swift; path = LunarToSolarConversionView.swift; sourceTree = "<group>"; };
		9ED52C072CD8ED7400FC5D8B /* UpComingBdayCardView.swift */ = {isa = PBXFileReference; lastKnownFileType = sourcecode.swift; path = UpComingBdayCardView.swift; sourceTree = "<group>"; };
		9EF7D56C2CC146D4003A3B79 /* LocalNotificationManager.swift */ = {isa = PBXFileReference; lastKnownFileType = sourcecode.swift; path = LocalNotificationManager.swift; sourceTree = "<group>"; };
		F734F1802CD4CC5B00108CCC /* BdayGift.swift */ = {isa = PBXFileReference; lastKnownFileType = sourcecode.swift; path = BdayGift.swift; sourceTree = "<group>"; };
		F734F1822CD4CCBD00108CCC /* BdayTag.swift */ = {isa = PBXFileReference; lastKnownFileType = sourcecode.swift; path = BdayTag.swift; sourceTree = "<group>"; };
		F734F1842CD4CD1300108CCC /* BDayAndGiftCombination.swift */ = {isa = PBXFileReference; lastKnownFileType = sourcecode.swift; path = BDayAndGiftCombination.swift; sourceTree = "<group>"; };
		F734F1862CD4FF3800108CCC /* GiftStatus.swift */ = {isa = PBXFileReference; lastKnownFileType = sourcecode.swift; path = GiftStatus.swift; sourceTree = "<group>"; };
		F734F18A2CD699DB00108CCC /* Helper+Keyboard.swift */ = {isa = PBXFileReference; lastKnownFileType = sourcecode.swift; path = "Helper+Keyboard.swift"; sourceTree = "<group>"; };
		F734F18C2CD76C2600108CCC /* PersonDetailView.swift */ = {isa = PBXFileReference; lastKnownFileType = sourcecode.swift; path = PersonDetailView.swift; sourceTree = "<group>"; };
		F734F18E2CD78ACF00108CCC /* SetDateView.swift */ = {isa = PBXFileReference; lastKnownFileType = sourcecode.swift; path = SetDateView.swift; sourceTree = "<group>"; };
		F7386F9D2CC0F83700C38E73 /* DoBday.app */ = {isa = PBXFileReference; explicitFileType = wrapper.application; includeInIndex = 0; path = DoBday.app; sourceTree = BUILT_PRODUCTS_DIR; };
		F7386FA02CC0F83700C38E73 /* DoBdayApp.swift */ = {isa = PBXFileReference; lastKnownFileType = sourcecode.swift; path = DoBdayApp.swift; sourceTree = "<group>"; };
		F7386FA22CC0F83700C38E73 /* UpComingBdayView.swift */ = {isa = PBXFileReference; lastKnownFileType = sourcecode.swift; path = UpComingBdayView.swift; sourceTree = "<group>"; };
		F7386FA42CC0F83900C38E73 /* Assets.xcassets */ = {isa = PBXFileReference; lastKnownFileType = folder.assetcatalog; path = Assets.xcassets; sourceTree = "<group>"; };
		F7386FA72CC0F83900C38E73 /* Preview Assets.xcassets */ = {isa = PBXFileReference; lastKnownFileType = folder.assetcatalog; path = "Preview Assets.xcassets"; sourceTree = "<group>"; };
		F7386FB52CC0F8F900C38E73 /* Bday.swift */ = {isa = PBXFileReference; lastKnownFileType = sourcecode.swift; path = Bday.swift; sourceTree = "<group>"; };
		F7386FB72CC0F90000C38E73 /* ViewModel.swift */ = {isa = PBXFileReference; lastKnownFileType = sourcecode.swift; path = ViewModel.swift; sourceTree = "<group>"; };
		F7386FB92CC0F90C00C38E73 /* Component.swift */ = {isa = PBXFileReference; lastKnownFileType = sourcecode.swift; path = Component.swift; sourceTree = "<group>"; };
		F7386FBB2CC0F91F00C38E73 /* Helper+Fonts.swift */ = {isa = PBXFileReference; lastKnownFileType = sourcecode.swift; path = "Helper+Fonts.swift"; sourceTree = "<group>"; };
		F7386FBD2CC1009D00C38E73 /* CalendarView.swift */ = {isa = PBXFileReference; lastKnownFileType = sourcecode.swift; path = CalendarView.swift; sourceTree = "<group>"; };
		F7386FBF2CC100AC00C38E73 /* SaveBdayView.swift */ = {isa = PBXFileReference; lastKnownFileType = sourcecode.swift; path = SaveBdayView.swift; sourceTree = "<group>"; };
		F7386FC32CC4F9FA00C38E73 /* Helper+ImagePicker.swift */ = {isa = PBXFileReference; lastKnownFileType = sourcecode.swift; path = "Helper+ImagePicker.swift"; sourceTree = "<group>"; };
		F767F2A72CD9C7CE001BDDC0 /* SetTagView.swift */ = {isa = PBXFileReference; lastKnownFileType = sourcecode.swift; path = SetTagView.swift; sourceTree = "<group>"; };
		F7AEA0A32CDCBF0700D57503 /* IsLunarDateTextView.swift */ = {isa = PBXFileReference; lastKnownFileType = sourcecode.swift; path = IsLunarDateTextView.swift; sourceTree = "<group>"; };
		F7AEA0A62CDCBF4100D57503 /* ButtonOfShowingSheetForSettingDateView.swift */ = {isa = PBXFileReference; lastKnownFileType = sourcecode.swift; path = ButtonOfShowingSheetForSettingDateView.swift; sourceTree = "<group>"; };
		F7AEA0A82CDCBF4D00D57503 /* DatePickerOfSetDateView.swift */ = {isa = PBXFileReference; lastKnownFileType = sourcecode.swift; path = DatePickerOfSetDateView.swift; sourceTree = "<group>"; };
		F7AEA0AB2CDCC3B600D57503 /* TextFieldForTagView.swift */ = {isa = PBXFileReference; lastKnownFileType = sourcecode.swift; path = TextFieldForTagView.swift; sourceTree = "<group>"; };
		F7AEA0AD2CDCC3C900D57503 /* ChoosingColorOfTagView.swift */ = {isa = PBXFileReference; lastKnownFileType = sourcecode.swift; path = ChoosingColorOfTagView.swift; sourceTree = "<group>"; };
		F7AEA0AF2CDCC3DC00D57503 /* ButtonOfSavingBdayTagView.swift */ = {isa = PBXFileReference; lastKnownFileType = sourcecode.swift; path = ButtonOfSavingBdayTagView.swift; sourceTree = "<group>"; };
		F7AEA0B42CDCC7EC00D57503 /* ShowingProfileOfPersonView.swift */ = {isa = PBXFileReference; lastKnownFileType = sourcecode.swift; path = ShowingProfileOfPersonView.swift; sourceTree = "<group>"; };
		F7AEA0B62CDCC80600D57503 /* ShowingPresentForGivingToYouView.swift */ = {isa = PBXFileReference; lastKnownFileType = sourcecode.swift; path = ShowingPresentForGivingToYouView.swift; sourceTree = "<group>"; };
		F7AEA0B82CDCC81D00D57503 /* ShowingTasteCollageView.swift */ = {isa = PBXFileReference; lastKnownFileType = sourcecode.swift; path = ShowingTasteCollageView.swift; sourceTree = "<group>"; };
		F7AEA0BA2CDCC83300D57503 /* ShowingPresentForGiveAndTakeView.swift */ = {isa = PBXFileReference; lastKnownFileType = sourcecode.swift; path = ShowingPresentForGiveAndTakeView.swift; sourceTree = "<group>"; };
		F7E8AFCA2CDA11F1007CD507 /* PersonListView.swift */ = {isa = PBXFileReference; lastKnownFileType = sourcecode.swift; path = PersonListView.swift; sourceTree = "<group>"; };
/* End PBXFileReference section */

/* Begin PBXFrameworksBuildPhase section */
		F7386F9A2CC0F83700C38E73 /* Frameworks */ = {
			isa = PBXFrameworksBuildPhase;
			buildActionMask = 2147483647;
			files = (
				9E7F90852CCB9FE5008F0F23 /* KoreanLunarSolarConverter in Frameworks */,
			);
			runOnlyForDeploymentPostprocessing = 0;
		};
/* End PBXFrameworksBuildPhase section */

/* Begin PBXGroup section */
		936878852CDC591E0063D4F7 /* CalendarView */ = {
			isa = PBXGroup;
			children = (
				F7386FBD2CC1009D00C38E73 /* CalendarView.swift */,
				9368788A2CDC5A5B0063D4F7 /* CardListView.swift */,
				936878882CDC59AC0063D4F7 /* CalendarGridView.swift */,
				936878862CDC59480063D4F7 /* HeaderView.swift */,
			);
			path = CalendarView;
			sourceTree = "<group>";
		};
		9368788C2CDC5AF80063D4F7 /* Extension */ = {
			isa = PBXGroup;
			children = (
				9368788D2CDC5B000063D4F7 /* Extension+Date.swift */,
			);
			path = Extension;
			sourceTree = "<group>";
		};
		9E66AF592CC13B08001323D9 /* Fonts */ = {
			isa = PBXGroup;
			children = (
				9E66AF502CC13B08001323D9 /* Pretendard-Black.otf */,
				9E66AF512CC13B08001323D9 /* Pretendard-Bold.otf */,
				9E66AF522CC13B08001323D9 /* Pretendard-ExtraBold.otf */,
				9E66AF532CC13B08001323D9 /* Pretendard-ExtraLight.otf */,
				9E66AF542CC13B08001323D9 /* Pretendard-Light.otf */,
				9E66AF552CC13B08001323D9 /* Pretendard-Medium.otf */,
				9E66AF562CC13B08001323D9 /* Pretendard-Regular.otf */,
				9E66AF572CC13B08001323D9 /* Pretendard-SemiBold.otf */,
				9E66AF582CC13B08001323D9 /* Pretendard-Thin.otf */,
				8983D72C2CD76E84006C3F66 /* ZenDots-Regular.ttf */,
			);
			path = Fonts;
			sourceTree = "<group>";
		};
		F7386F942CC0F83700C38E73 = {
			isa = PBXGroup;
			children = (
				F7386F9F2CC0F83700C38E73 /* DoBday */,
				F7386F9E2CC0F83700C38E73 /* Products */,
			);
			sourceTree = "<group>";
		};
		F7386F9E2CC0F83700C38E73 /* Products */ = {
			isa = PBXGroup;
			children = (
				F7386F9D2CC0F83700C38E73 /* DoBday.app */,
			);
			name = Products;
			sourceTree = "<group>";
		};
		F7386F9F2CC0F83700C38E73 /* DoBday */ = {
			isa = PBXGroup;
			children = (
				9368788C2CDC5AF80063D4F7 /* Extension */,
				9E66AF4F2CC13A93001323D9 /* Info.plist */,
				F7386FAE2CC0F85D00C38E73 /* App */,
				F7386FAF2CC0F86800C38E73 /* Model */,
				F7386FB12CC0F87C00C38E73 /* VIewModel */,
				F7386FB02CC0F87100C38E73 /* View */,
				F7386FB22CC0F88600C38E73 /* Helper */,
				F7386FB42CC0F8AB00C38E73 /* Resource */,
				F7386FA62CC0F83900C38E73 /* Preview Content */,
			);
			path = DoBday;
			sourceTree = "<group>";
		};
		F7386FA62CC0F83900C38E73 /* Preview Content */ = {
			isa = PBXGroup;
			children = (
				F7386FA72CC0F83900C38E73 /* Preview Assets.xcassets */,
			);
			path = "Preview Content";
			sourceTree = "<group>";
		};
		F7386FAE2CC0F85D00C38E73 /* App */ = {
			isa = PBXGroup;
			children = (
				F7386FA02CC0F83700C38E73 /* DoBdayApp.swift */,
			);
			path = App;
			sourceTree = "<group>";
		};
		F7386FAF2CC0F86800C38E73 /* Model */ = {
			isa = PBXGroup;
			children = (
				F7386FB52CC0F8F900C38E73 /* Bday.swift */,
				F734F1802CD4CC5B00108CCC /* BdayGift.swift */,
				F734F1822CD4CCBD00108CCC /* BdayTag.swift */,
				F734F1862CD4FF3800108CCC /* GiftStatus.swift */,
				F734F1842CD4CD1300108CCC /* BDayAndGiftCombination.swift */,
				9E7F90812CC89894008F0F23 /* LunarToSolarConversionView.swift */,
				93ED0E912CC10185003250A9 /* MockData.swift */,
			);
			path = Model;
			sourceTree = "<group>";
		};
		F7386FB02CC0F87100C38E73 /* View */ = {
			isa = PBXGroup;
			children = (
				9EF7D56C2CC146D4003A3B79 /* LocalNotificationManager.swift */,
				F7386FA22CC0F83700C38E73 /* UpComingBdayView.swift */,
				9ED52C072CD8ED7400FC5D8B /* UpComingBdayCardView.swift */,
				896A53522CC6087D004631A9 /* BdayTextView.swift */,
				936878852CDC591E0063D4F7 /* CalendarView */,
				F7AEA0A52CDCBF1700D57503 /* SetDateView */,
				F7AEA0AA2CDCC0F500D57503 /* SetTagView */,
				930885522CD8AA6000E052E8 /* SaveGiftView.swift */,
				F7AEA0B32CDCC4CA00D57503 /* SaveBdayView */,
				F7AEA0B22CDCC4BB00D57503 /* PersonDetailView */,
				936878812CD98F2F0063D4F7 /* GiftView.swift */,
				932F21202CD7D68F00BF696C /* GiveAndTakeView.swift */,
				F7E8AFCA2CDA11F1007CD507 /* PersonListView.swift */,
				F7386FB32CC0F89600C38E73 /* Component */,
			);
			path = View;
			sourceTree = "<group>";
		};
		F7386FB12CC0F87C00C38E73 /* VIewModel */ = {
			isa = PBXGroup;
			children = (
				F7386FB72CC0F90000C38E73 /* ViewModel.swift */,
			);
			path = VIewModel;
			sourceTree = "<group>";
		};
		F7386FB22CC0F88600C38E73 /* Helper */ = {
			isa = PBXGroup;
			children = (
				F7386FC32CC4F9FA00C38E73 /* Helper+ImagePicker.swift */,
				F7386FBB2CC0F91F00C38E73 /* Helper+Fonts.swift */,
				9E3DA4CA2CC12CB300909C85 /* Helper+Color.swift */,
				F734F18A2CD699DB00108CCC /* Helper+Keyboard.swift */,
			);
			path = Helper;
			sourceTree = "<group>";
		};
		F7386FB32CC0F89600C38E73 /* Component */ = {
			isa = PBXGroup;
			children = (
				F7386FB92CC0F90C00C38E73 /* Component.swift */,
			);
			path = Component;
			sourceTree = "<group>";
		};
		F7386FB42CC0F8AB00C38E73 /* Resource */ = {
			isa = PBXGroup;
			children = (
				9E66AF592CC13B08001323D9 /* Fonts */,
				F7386FA42CC0F83900C38E73 /* Assets.xcassets */,
			);
			path = Resource;
			sourceTree = "<group>";
		};
		F7AEA0A52CDCBF1700D57503 /* SetDateView */ = {
			isa = PBXGroup;
			children = (
				F734F18E2CD78ACF00108CCC /* SetDateView.swift */,
				F7AEA0A32CDCBF0700D57503 /* IsLunarDateTextView.swift */,
				F7AEA0A82CDCBF4D00D57503 /* DatePickerOfSetDateView.swift */,
				F7AEA0A62CDCBF4100D57503 /* ButtonOfShowingSheetForSettingDateView.swift */,
			);
			path = SetDateView;
			sourceTree = "<group>";
		};
		F7AEA0AA2CDCC0F500D57503 /* SetTagView */ = {
			isa = PBXGroup;
			children = (
				F767F2A72CD9C7CE001BDDC0 /* SetTagView.swift */,
				F7AEA0AB2CDCC3B600D57503 /* TextFieldForTagView.swift */,
				F7AEA0AD2CDCC3C900D57503 /* ChoosingColorOfTagView.swift */,
				F7AEA0AF2CDCC3DC00D57503 /* ButtonOfSavingBdayTagView.swift */,
			);
			path = SetTagView;
			sourceTree = "<group>";
		};
		F7AEA0B22CDCC4BB00D57503 /* PersonDetailView */ = {
			isa = PBXGroup;
			children = (
				F734F18C2CD76C2600108CCC /* PersonDetailView.swift */,
				F7AEA0B42CDCC7EC00D57503 /* ShowingProfileOfPersonView.swift */,
				F7AEA0B62CDCC80600D57503 /* ShowingPresentForGivingToYouView.swift */,
				F7AEA0B82CDCC81D00D57503 /* ShowingTasteCollageView.swift */,
				F7AEA0BA2CDCC83300D57503 /* ShowingPresentForGiveAndTakeView.swift */,
			);
			path = PersonDetailView;
			sourceTree = "<group>";
		};
		F7AEA0B32CDCC4CA00D57503 /* SaveBdayView */ = {
			isa = PBXGroup;
			children = (
				F7386FBF2CC100AC00C38E73 /* SaveBdayView.swift */,
			);
			path = SaveBdayView;
			sourceTree = "<group>";
		};
/* End PBXGroup section */

/* Begin PBXNativeTarget section */
		F7386F9C2CC0F83700C38E73 /* DoBday */ = {
			isa = PBXNativeTarget;
			buildConfigurationList = F7386FAB2CC0F83900C38E73 /* Build configuration list for PBXNativeTarget "DoBday" */;
			buildPhases = (
				F7386F992CC0F83700C38E73 /* Sources */,
				F7386F9A2CC0F83700C38E73 /* Frameworks */,
				F7386F9B2CC0F83700C38E73 /* Resources */,
			);
			buildRules = (
			);
			dependencies = (
			);
			name = DoBday;
			productName = DoBday;
			productReference = F7386F9D2CC0F83700C38E73 /* DoBday.app */;
			productType = "com.apple.product-type.application";
		};
/* End PBXNativeTarget section */

/* Begin PBXProject section */
		F7386F952CC0F83700C38E73 /* Project object */ = {
			isa = PBXProject;
			attributes = {
				BuildIndependentTargetsInParallel = 1;
				LastSwiftUpdateCheck = 1540;
				LastUpgradeCheck = 1540;
				TargetAttributes = {
					F7386F9C2CC0F83700C38E73 = {
						CreatedOnToolsVersion = 15.4;
					};
				};
			};
			buildConfigurationList = F7386F982CC0F83700C38E73 /* Build configuration list for PBXProject "DoBday" */;
			compatibilityVersion = "Xcode 14.0";
			developmentRegion = en;
			hasScannedForEncodings = 0;
			knownRegions = (
				en,
				Base,
			);
			mainGroup = F7386F942CC0F83700C38E73;
			packageReferences = (
				9E7F90832CCB9FE5008F0F23 /* XCRemoteSwiftPackageReference "KoreanLunarSolarConverter" */,
			);
			productRefGroup = F7386F9E2CC0F83700C38E73 /* Products */;
			projectDirPath = "";
			projectRoot = "";
			targets = (
				F7386F9C2CC0F83700C38E73 /* DoBday */,
			);
		};
/* End PBXProject section */

/* Begin PBXResourcesBuildPhase section */
		F7386F9B2CC0F83700C38E73 /* Resources */ = {
			isa = PBXResourcesBuildPhase;
			buildActionMask = 2147483647;
			files = (
				F7386FA82CC0F83900C38E73 /* Preview Assets.xcassets in Resources */,
				F7386FA52CC0F83900C38E73 /* Assets.xcassets in Resources */,
				9E66AF5A2CC13B08001323D9 /* Pretendard-SemiBold.otf in Resources */,
				9E66AF5B2CC13B08001323D9 /* Pretendard-ExtraBold.otf in Resources */,
				9E66AF5C2CC13B08001323D9 /* Pretendard-Black.otf in Resources */,
				8983D72D2CD76E84006C3F66 /* ZenDots-Regular.ttf in Resources */,
				9E66AF5D2CC13B08001323D9 /* Pretendard-Regular.otf in Resources */,
				9E66AF5E2CC13B08001323D9 /* Pretendard-ExtraLight.otf in Resources */,
				9E66AF5F2CC13B08001323D9 /* Pretendard-Light.otf in Resources */,
				9E66AF602CC13B08001323D9 /* Pretendard-Bold.otf in Resources */,
				9E66AF612CC13B08001323D9 /* Pretendard-Medium.otf in Resources */,
				9E66AF622CC13B08001323D9 /* Pretendard-Thin.otf in Resources */,
			);
			runOnlyForDeploymentPostprocessing = 0;
		};
/* End PBXResourcesBuildPhase section */

/* Begin PBXSourcesBuildPhase section */
		F7386F992CC0F83700C38E73 /* Sources */ = {
			isa = PBXSourcesBuildPhase;
			buildActionMask = 2147483647;
			files = (
				F7AEA0A92CDCBF4D00D57503 /* DatePickerOfSetDateView.swift in Sources */,
				F7386FC42CC4F9FA00C38E73 /* Helper+ImagePicker.swift in Sources */,
				F734F18F2CD78ACF00108CCC /* SetDateView.swift in Sources */,
				F734F18B2CD699DB00108CCC /* Helper+Keyboard.swift in Sources */,
				F7AEA0BB2CDCC83300D57503 /* ShowingPresentForGiveAndTakeView.swift in Sources */,
				F734F18D2CD76C2600108CCC /* PersonDetailView.swift in Sources */,
				93ED0E922CC10185003250A9 /* MockData.swift in Sources */,
				F7AEA0A72CDCBF4100D57503 /* ButtonOfShowingSheetForSettingDateView.swift in Sources */,
				F7E8AFCB2CDA11F1007CD507 /* PersonListView.swift in Sources */,
				F734F1852CD4CD1300108CCC /* BDayAndGiftCombination.swift in Sources */,
				9E7F90822CC89894008F0F23 /* LunarToSolarConversionView.swift in Sources */,
				F7AEA0B52CDCC7EC00D57503 /* ShowingProfileOfPersonView.swift in Sources */,
				9ED52C082CD8ED7400FC5D8B /* UpComingBdayCardView.swift in Sources */,
				F7386FBC2CC0F91F00C38E73 /* Helper+Fonts.swift in Sources */,
				F734F1832CD4CCBD00108CCC /* BdayTag.swift in Sources */,
				F7386FBE2CC1009D00C38E73 /* CalendarView.swift in Sources */,
				F734F1872CD4FF3800108CCC /* GiftStatus.swift in Sources */,
				F7386FB62CC0F8F900C38E73 /* Bday.swift in Sources */,
				F7AEA0B02CDCC3DC00D57503 /* ButtonOfSavingBdayTagView.swift in Sources */,
				F7386FA32CC0F83700C38E73 /* UpComingBdayView.swift in Sources */,
				9368788E2CDC5B040063D4F7 /* Extension+Date.swift in Sources */,
				F7AEA0A42CDCBF0700D57503 /* IsLunarDateTextView.swift in Sources */,
				F767F2A82CD9C7CE001BDDC0 /* SetTagView.swift in Sources */,
				F7386FB82CC0F90000C38E73 /* ViewModel.swift in Sources */,
				932F21212CD7D68F00BF696C /* GiveAndTakeView.swift in Sources */,
				936878822CD98F2F0063D4F7 /* GiftView.swift in Sources */,
				9E3DA4CB2CC12CB300909C85 /* Helper+Color.swift in Sources */,
				F7AEA0B92CDCC81D00D57503 /* ShowingTasteCollageView.swift in Sources */,
				F7386FA12CC0F83700C38E73 /* DoBdayApp.swift in Sources */,
				F734F1812CD4CC5B00108CCC /* BdayGift.swift in Sources */,
				9368788B2CDC5A5B0063D4F7 /* CardListView.swift in Sources */,
				9EF7D56D2CC146D4003A3B79 /* LocalNotificationManager.swift in Sources */,
				F7AEA0AE2CDCC3C900D57503 /* ChoosingColorOfTagView.swift in Sources */,
				F7386FC02CC100AC00C38E73 /* SaveBdayView.swift in Sources */,
				930885532CD8AA6000E052E8 /* SaveGiftView.swift in Sources */,
				F7AEA0B72CDCC80600D57503 /* ShowingPresentForGivingToYouView.swift in Sources */,
				F7386FBA2CC0F90C00C38E73 /* Component.swift in Sources */,
				896A53532CC6087D004631A9 /* BdayTextView.swift in Sources */,
				936878872CDC59480063D4F7 /* HeaderView.swift in Sources */,
				F7AEA0AC2CDCC3B600D57503 /* TextFieldForTagView.swift in Sources */,
				936878892CDC59AC0063D4F7 /* CalendarGridView.swift in Sources */,
			);
			runOnlyForDeploymentPostprocessing = 0;
		};
/* End PBXSourcesBuildPhase section */

/* Begin XCBuildConfiguration section */
		F7386FA92CC0F83900C38E73 /* Debug */ = {
			isa = XCBuildConfiguration;
			buildSettings = {
				ALWAYS_SEARCH_USER_PATHS = NO;
				ASSETCATALOG_COMPILER_GENERATE_SWIFT_ASSET_SYMBOL_EXTENSIONS = YES;
				CLANG_ANALYZER_NONNULL = YES;
				CLANG_ANALYZER_NUMBER_OBJECT_CONVERSION = YES_AGGRESSIVE;
				CLANG_CXX_LANGUAGE_STANDARD = "gnu++20";
				CLANG_ENABLE_MODULES = YES;
				CLANG_ENABLE_OBJC_ARC = YES;
				CLANG_ENABLE_OBJC_WEAK = YES;
				CLANG_WARN_BLOCK_CAPTURE_AUTORELEASING = YES;
				CLANG_WARN_BOOL_CONVERSION = YES;
				CLANG_WARN_COMMA = YES;
				CLANG_WARN_CONSTANT_CONVERSION = YES;
				CLANG_WARN_DEPRECATED_OBJC_IMPLEMENTATIONS = YES;
				CLANG_WARN_DIRECT_OBJC_ISA_USAGE = YES_ERROR;
				CLANG_WARN_DOCUMENTATION_COMMENTS = YES;
				CLANG_WARN_EMPTY_BODY = YES;
				CLANG_WARN_ENUM_CONVERSION = YES;
				CLANG_WARN_INFINITE_RECURSION = YES;
				CLANG_WARN_INT_CONVERSION = YES;
				CLANG_WARN_NON_LITERAL_NULL_CONVERSION = YES;
				CLANG_WARN_OBJC_IMPLICIT_RETAIN_SELF = YES;
				CLANG_WARN_OBJC_LITERAL_CONVERSION = YES;
				CLANG_WARN_OBJC_ROOT_CLASS = YES_ERROR;
				CLANG_WARN_QUOTED_INCLUDE_IN_FRAMEWORK_HEADER = YES;
				CLANG_WARN_RANGE_LOOP_ANALYSIS = YES;
				CLANG_WARN_STRICT_PROTOTYPES = YES;
				CLANG_WARN_SUSPICIOUS_MOVE = YES;
				CLANG_WARN_UNGUARDED_AVAILABILITY = YES_AGGRESSIVE;
				CLANG_WARN_UNREACHABLE_CODE = YES;
				CLANG_WARN__DUPLICATE_METHOD_MATCH = YES;
				COPY_PHASE_STRIP = NO;
				DEBUG_INFORMATION_FORMAT = dwarf;
				ENABLE_STRICT_OBJC_MSGSEND = YES;
				ENABLE_TESTABILITY = YES;
				ENABLE_USER_SCRIPT_SANDBOXING = YES;
				GCC_C_LANGUAGE_STANDARD = gnu17;
				GCC_DYNAMIC_NO_PIC = NO;
				GCC_NO_COMMON_BLOCKS = YES;
				GCC_OPTIMIZATION_LEVEL = 0;
				GCC_PREPROCESSOR_DEFINITIONS = (
					"DEBUG=1",
					"$(inherited)",
				);
				GCC_WARN_64_TO_32_BIT_CONVERSION = YES;
				GCC_WARN_ABOUT_RETURN_TYPE = YES_ERROR;
				GCC_WARN_UNDECLARED_SELECTOR = YES;
				GCC_WARN_UNINITIALIZED_AUTOS = YES_AGGRESSIVE;
				GCC_WARN_UNUSED_FUNCTION = YES;
				GCC_WARN_UNUSED_VARIABLE = YES;
				IPHONEOS_DEPLOYMENT_TARGET = 17.5;
				LOCALIZATION_PREFERS_STRING_CATALOGS = YES;
				MTL_ENABLE_DEBUG_INFO = INCLUDE_SOURCE;
				MTL_FAST_MATH = YES;
				ONLY_ACTIVE_ARCH = YES;
				SDKROOT = iphoneos;
				SWIFT_ACTIVE_COMPILATION_CONDITIONS = "DEBUG $(inherited)";
				SWIFT_OPTIMIZATION_LEVEL = "-Onone";
			};
			name = Debug;
		};
		F7386FAA2CC0F83900C38E73 /* Release */ = {
			isa = XCBuildConfiguration;
			buildSettings = {
				ALWAYS_SEARCH_USER_PATHS = NO;
				ASSETCATALOG_COMPILER_GENERATE_SWIFT_ASSET_SYMBOL_EXTENSIONS = YES;
				CLANG_ANALYZER_NONNULL = YES;
				CLANG_ANALYZER_NUMBER_OBJECT_CONVERSION = YES_AGGRESSIVE;
				CLANG_CXX_LANGUAGE_STANDARD = "gnu++20";
				CLANG_ENABLE_MODULES = YES;
				CLANG_ENABLE_OBJC_ARC = YES;
				CLANG_ENABLE_OBJC_WEAK = YES;
				CLANG_WARN_BLOCK_CAPTURE_AUTORELEASING = YES;
				CLANG_WARN_BOOL_CONVERSION = YES;
				CLANG_WARN_COMMA = YES;
				CLANG_WARN_CONSTANT_CONVERSION = YES;
				CLANG_WARN_DEPRECATED_OBJC_IMPLEMENTATIONS = YES;
				CLANG_WARN_DIRECT_OBJC_ISA_USAGE = YES_ERROR;
				CLANG_WARN_DOCUMENTATION_COMMENTS = YES;
				CLANG_WARN_EMPTY_BODY = YES;
				CLANG_WARN_ENUM_CONVERSION = YES;
				CLANG_WARN_INFINITE_RECURSION = YES;
				CLANG_WARN_INT_CONVERSION = YES;
				CLANG_WARN_NON_LITERAL_NULL_CONVERSION = YES;
				CLANG_WARN_OBJC_IMPLICIT_RETAIN_SELF = YES;
				CLANG_WARN_OBJC_LITERAL_CONVERSION = YES;
				CLANG_WARN_OBJC_ROOT_CLASS = YES_ERROR;
				CLANG_WARN_QUOTED_INCLUDE_IN_FRAMEWORK_HEADER = YES;
				CLANG_WARN_RANGE_LOOP_ANALYSIS = YES;
				CLANG_WARN_STRICT_PROTOTYPES = YES;
				CLANG_WARN_SUSPICIOUS_MOVE = YES;
				CLANG_WARN_UNGUARDED_AVAILABILITY = YES_AGGRESSIVE;
				CLANG_WARN_UNREACHABLE_CODE = YES;
				CLANG_WARN__DUPLICATE_METHOD_MATCH = YES;
				COPY_PHASE_STRIP = NO;
				DEBUG_INFORMATION_FORMAT = "dwarf-with-dsym";
				ENABLE_NS_ASSERTIONS = NO;
				ENABLE_STRICT_OBJC_MSGSEND = YES;
				ENABLE_USER_SCRIPT_SANDBOXING = YES;
				GCC_C_LANGUAGE_STANDARD = gnu17;
				GCC_NO_COMMON_BLOCKS = YES;
				GCC_WARN_64_TO_32_BIT_CONVERSION = YES;
				GCC_WARN_ABOUT_RETURN_TYPE = YES_ERROR;
				GCC_WARN_UNDECLARED_SELECTOR = YES;
				GCC_WARN_UNINITIALIZED_AUTOS = YES_AGGRESSIVE;
				GCC_WARN_UNUSED_FUNCTION = YES;
				GCC_WARN_UNUSED_VARIABLE = YES;
				IPHONEOS_DEPLOYMENT_TARGET = 17.5;
				LOCALIZATION_PREFERS_STRING_CATALOGS = YES;
				MTL_ENABLE_DEBUG_INFO = NO;
				MTL_FAST_MATH = YES;
				SDKROOT = iphoneos;
				SWIFT_COMPILATION_MODE = wholemodule;
				VALIDATE_PRODUCT = YES;
			};
			name = Release;
		};
		F7386FAC2CC0F83900C38E73 /* Debug */ = {
			isa = XCBuildConfiguration;
			buildSettings = {
				ASSETCATALOG_COMPILER_APPICON_NAME = AppIcon;
				ASSETCATALOG_COMPILER_GLOBAL_ACCENT_COLOR_NAME = AccentColor;
				CODE_SIGN_STYLE = Automatic;
				CURRENT_PROJECT_VERSION = 1;
				DEVELOPMENT_ASSET_PATHS = "\"DoBday/Preview Content\"";
				DEVELOPMENT_TEAM = 223UXY9RY6;
				ENABLE_PREVIEWS = YES;
				GENERATE_INFOPLIST_FILE = YES;
				INFOPLIST_FILE = DoBday/Info.plist;
				INFOPLIST_KEY_UIApplicationSceneManifest_Generation = YES;
				INFOPLIST_KEY_UIApplicationSupportsIndirectInputEvents = YES;
				INFOPLIST_KEY_UILaunchScreen_Generation = YES;
				INFOPLIST_KEY_UISupportedInterfaceOrientations_iPad = "UIInterfaceOrientationPortrait UIInterfaceOrientationPortraitUpsideDown UIInterfaceOrientationLandscapeLeft UIInterfaceOrientationLandscapeRight";
				INFOPLIST_KEY_UISupportedInterfaceOrientations_iPhone = "UIInterfaceOrientationPortrait UIInterfaceOrientationLandscapeLeft UIInterfaceOrientationLandscapeRight";
				IPHONEOS_DEPLOYMENT_TARGET = 17.5;
				LD_RUNPATH_SEARCH_PATHS = (
					"$(inherited)",
					"@executable_path/Frameworks",
				);
				MARKETING_VERSION = 1.0;
				PRODUCT_BUNDLE_IDENTIFIER = DoRise.DoBday;
				PRODUCT_NAME = "$(TARGET_NAME)";
				SWIFT_EMIT_LOC_STRINGS = YES;
				SWIFT_VERSION = 5.0;
				TARGETED_DEVICE_FAMILY = "1,2";
			};
			name = Debug;
		};
		F7386FAD2CC0F83900C38E73 /* Release */ = {
			isa = XCBuildConfiguration;
			buildSettings = {
				ASSETCATALOG_COMPILER_APPICON_NAME = AppIcon;
				ASSETCATALOG_COMPILER_GLOBAL_ACCENT_COLOR_NAME = AccentColor;
				CODE_SIGN_STYLE = Automatic;
				CURRENT_PROJECT_VERSION = 1;
				DEVELOPMENT_ASSET_PATHS = "\"DoBday/Preview Content\"";
				DEVELOPMENT_TEAM = 223UXY9RY6;
				ENABLE_PREVIEWS = YES;
				GENERATE_INFOPLIST_FILE = YES;
				INFOPLIST_FILE = DoBday/Info.plist;
				INFOPLIST_KEY_UIApplicationSceneManifest_Generation = YES;
				INFOPLIST_KEY_UIApplicationSupportsIndirectInputEvents = YES;
				INFOPLIST_KEY_UILaunchScreen_Generation = YES;
				INFOPLIST_KEY_UISupportedInterfaceOrientations_iPad = "UIInterfaceOrientationPortrait UIInterfaceOrientationPortraitUpsideDown UIInterfaceOrientationLandscapeLeft UIInterfaceOrientationLandscapeRight";
				INFOPLIST_KEY_UISupportedInterfaceOrientations_iPhone = "UIInterfaceOrientationPortrait UIInterfaceOrientationLandscapeLeft UIInterfaceOrientationLandscapeRight";
				IPHONEOS_DEPLOYMENT_TARGET = 17.5;
				LD_RUNPATH_SEARCH_PATHS = (
					"$(inherited)",
					"@executable_path/Frameworks",
				);
				MARKETING_VERSION = 1.0;
				PRODUCT_BUNDLE_IDENTIFIER = DoRise.DoBday;
				PRODUCT_NAME = "$(TARGET_NAME)";
				SWIFT_EMIT_LOC_STRINGS = YES;
				SWIFT_VERSION = 5.0;
				TARGETED_DEVICE_FAMILY = "1,2";
			};
			name = Release;
		};
/* End XCBuildConfiguration section */

/* Begin XCConfigurationList section */
		F7386F982CC0F83700C38E73 /* Build configuration list for PBXProject "DoBday" */ = {
			isa = XCConfigurationList;
			buildConfigurations = (
				F7386FA92CC0F83900C38E73 /* Debug */,
				F7386FAA2CC0F83900C38E73 /* Release */,
			);
			defaultConfigurationIsVisible = 0;
			defaultConfigurationName = Release;
		};
		F7386FAB2CC0F83900C38E73 /* Build configuration list for PBXNativeTarget "DoBday" */ = {
			isa = XCConfigurationList;
			buildConfigurations = (
				F7386FAC2CC0F83900C38E73 /* Debug */,
				F7386FAD2CC0F83900C38E73 /* Release */,
			);
			defaultConfigurationIsVisible = 0;
			defaultConfigurationName = Release;
		};
/* End XCConfigurationList section */

/* Begin XCRemoteSwiftPackageReference section */
		9E7F90832CCB9FE5008F0F23 /* XCRemoteSwiftPackageReference "KoreanLunarSolarConverter" */ = {
			isa = XCRemoteSwiftPackageReference;
			repositoryURL = "https://github.com/swift-man/KoreanLunarSolarConverter.git";
			requirement = {
				kind = upToNextMajorVersion;
				minimumVersion = 0.7.2;
			};
		};
/* End XCRemoteSwiftPackageReference section */

/* Begin XCSwiftPackageProductDependency section */
		9E7F90842CCB9FE5008F0F23 /* KoreanLunarSolarConverter */ = {
			isa = XCSwiftPackageProductDependency;
			package = 9E7F90832CCB9FE5008F0F23 /* XCRemoteSwiftPackageReference "KoreanLunarSolarConverter" */;
			productName = KoreanLunarSolarConverter;
		};
/* End XCSwiftPackageProductDependency section */
	};
	rootObject = F7386F952CC0F83700C38E73 /* Project object */;
}
