// !$*UTF8*$!
{
	archiveVersion = 1;
	classes = {
	};
	objectVersion = 56;
	objects = {

/* Begin PBXBuildFile section */
		93ED0E922CC10185003250A9 /* MockupData.swift in Sources */ = {isa = PBXBuildFile; fileRef = 93ED0E912CC10185003250A9 /* MockupData.swift */; };
		F7386FA12CC0F83700C38E73 /* DoBdayApp.swift in Sources */ = {isa = PBXBuildFile; fileRef = F7386FA02CC0F83700C38E73 /* DoBdayApp.swift */; };
		F7386FA32CC0F83700C38E73 /* ContentView.swift in Sources */ = {isa = PBXBuildFile; fileRef = F7386FA22CC0F83700C38E73 /* ContentView.swift */; };
		F7386FA52CC0F83900C38E73 /* Assets.xcassets in Resources */ = {isa = PBXBuildFile; fileRef = F7386FA42CC0F83900C38E73 /* Assets.xcassets */; };
		F7386FA82CC0F83900C38E73 /* Preview Assets.xcassets in Resources */ = {isa = PBXBuildFile; fileRef = F7386FA72CC0F83900C38E73 /* Preview Assets.xcassets */; };
		F7386FB62CC0F8F900C38E73 /* Model.swift in Sources */ = {isa = PBXBuildFile; fileRef = F7386FB52CC0F8F900C38E73 /* Model.swift */; };
		F7386FB82CC0F90000C38E73 /* ViewModel.swift in Sources */ = {isa = PBXBuildFile; fileRef = F7386FB72CC0F90000C38E73 /* ViewModel.swift */; };
		F7386FBA2CC0F90C00C38E73 /* Component.swift in Sources */ = {isa = PBXBuildFile; fileRef = F7386FB92CC0F90C00C38E73 /* Component.swift */; };
		F7386FBC2CC0F91F00C38E73 /* Helper+Fonts.swift in Sources */ = {isa = PBXBuildFile; fileRef = F7386FBB2CC0F91F00C38E73 /* Helper+Fonts.swift */; };
/* End PBXBuildFile section */

/* Begin PBXFileReference section */
		93ED0E912CC10185003250A9 /* MockupData.swift */ = {isa = PBXFileReference; lastKnownFileType = sourcecode.swift; path = MockupData.swift; sourceTree = "<group>"; };
		F7386F9D2CC0F83700C38E73 /* DoBday.app */ = {isa = PBXFileReference; explicitFileType = wrapper.application; includeInIndex = 0; path = DoBday.app; sourceTree = BUILT_PRODUCTS_DIR; };
		F7386FA02CC0F83700C38E73 /* DoBdayApp.swift */ = {isa = PBXFileReference; lastKnownFileType = sourcecode.swift; path = DoBdayApp.swift; sourceTree = "<group>"; };
		F7386FA22CC0F83700C38E73 /* ContentView.swift */ = {isa = PBXFileReference; lastKnownFileType = sourcecode.swift; path = ContentView.swift; sourceTree = "<group>"; };
		F7386FA42CC0F83900C38E73 /* Assets.xcassets */ = {isa = PBXFileReference; lastKnownFileType = folder.assetcatalog; path = Assets.xcassets; sourceTree = "<group>"; };
		F7386FA72CC0F83900C38E73 /* Preview Assets.xcassets */ = {isa = PBXFileReference; lastKnownFileType = folder.assetcatalog; path = "Preview Assets.xcassets"; sourceTree = "<group>"; };
		F7386FB52CC0F8F900C38E73 /* Model.swift */ = {isa = PBXFileReference; lastKnownFileType = sourcecode.swift; path = Model.swift; sourceTree = "<group>"; };
		F7386FB72CC0F90000C38E73 /* ViewModel.swift */ = {isa = PBXFileReference; lastKnownFileType = sourcecode.swift; path = ViewModel.swift; sourceTree = "<group>"; };
		F7386FB92CC0F90C00C38E73 /* Component.swift */ = {isa = PBXFileReference; lastKnownFileType = sourcecode.swift; path = Component.swift; sourceTree = "<group>"; };
		F7386FBB2CC0F91F00C38E73 /* Helper+Fonts.swift */ = {isa = PBXFileReference; lastKnownFileType = sourcecode.swift; path = "Helper+Fonts.swift"; sourceTree = "<group>"; };
/* End PBXFileReference section */

/* Begin PBXFrameworksBuildPhase section */
		F7386F9A2CC0F83700C38E73 /* Frameworks */ = {
			isa = PBXFrameworksBuildPhase;
			buildActionMask = 2147483647;
			files = (
			);
			runOnlyForDeploymentPostprocessing = 0;
		};
/* End PBXFrameworksBuildPhase section */

/* Begin PBXGroup section */
		F7386F942CC0F83700C38E73 = {
			isa = PBXGroup;
			children = (
				F7386F9F2CC0F83700C38E73 /* DoBday */,
				F7386F9E2CC0F83700C38E73 /* Products */,
			);
			sourceTree = "<group>";
		};
		F7386F9E2CC0F83700C38E73 /* Products */ = {
			isa = PBXGroup;
			children = (
				F7386F9D2CC0F83700C38E73 /* DoBday.app */,
			);
			name = Products;
			sourceTree = "<group>";
		};
		F7386F9F2CC0F83700C38E73 /* DoBday */ = {
			isa = PBXGroup;
			children = (
				F7386FAE2CC0F85D00C38E73 /* App */,
				F7386FAF2CC0F86800C38E73 /* Model */,
				F7386FB12CC0F87C00C38E73 /* VIewModel */,
				F7386FB02CC0F87100C38E73 /* View */,
				F7386FB22CC0F88600C38E73 /* Helper */,
				F7386FB42CC0F8AB00C38E73 /* Resource */,
				F7386FA62CC0F83900C38E73 /* Preview Content */,
			);
			path = DoBday;
			sourceTree = "<group>";
		};
		F7386FA62CC0F83900C38E73 /* Preview Content */ = {
			isa = PBXGroup;
			children = (
				F7386FA72CC0F83900C38E73 /* Preview Assets.xcassets */,
			);
			path = "Preview Content";
			sourceTree = "<group>";
		};
		F7386FAE2CC0F85D00C38E73 /* App */ = {
			isa = PBXGroup;
			children = (
				F7386FA02CC0F83700C38E73 /* DoBdayApp.swift */,
			);
			path = App;
			sourceTree = "<group>";
		};
		F7386FAF2CC0F86800C38E73 /* Model */ = {
			isa = PBXGroup;
			children = (
				F7386FB52CC0F8F900C38E73 /* Model.swift */,
				93ED0E912CC10185003250A9 /* MockupData.swift */,
			);
			path = Model;
			sourceTree = "<group>";
		};
		F7386FB02CC0F87100C38E73 /* View */ = {
			isa = PBXGroup;
			children = (
				F7386FA22CC0F83700C38E73 /* ContentView.swift */,
				F7386FB32CC0F89600C38E73 /* Component */,
			);
			path = View;
			sourceTree = "<group>";
		};
		F7386FB12CC0F87C00C38E73 /* VIewModel */ = {
			isa = PBXGroup;
			children = (
				F7386FB72CC0F90000C38E73 /* ViewModel.swift */,
			);
			path = VIewModel;
			sourceTree = "<group>";
		};
		F7386FB22CC0F88600C38E73 /* Helper */ = {
			isa = PBXGroup;
			children = (
				F7386FBB2CC0F91F00C38E73 /* Helper+Fonts.swift */,
			);
			path = Helper;
			sourceTree = "<group>";
		};
		F7386FB32CC0F89600C38E73 /* Component */ = {
			isa = PBXGroup;
			children = (
				F7386FB92CC0F90C00C38E73 /* Component.swift */,
			);
			path = Component;
			sourceTree = "<group>";
		};
		F7386FB42CC0F8AB00C38E73 /* Resource */ = {
			isa = PBXGroup;
			children = (
				F7386FA42CC0F83900C38E73 /* Assets.xcassets */,
			);
			path = Resource;
			sourceTree = "<group>";
		};
/* End PBXGroup section */

/* Begin PBXNativeTarget section */
		F7386F9C2CC0F83700C38E73 /* DoBday */ = {
			isa = PBXNativeTarget;
			buildConfigurationList = F7386FAB2CC0F83900C38E73 /* Build configuration list for PBXNativeTarget "DoBday" */;
			buildPhases = (
				F7386F992CC0F83700C38E73 /* Sources */,
				F7386F9A2CC0F83700C38E73 /* Frameworks */,
				F7386F9B2CC0F83700C38E73 /* Resources */,
			);
			buildRules = (
			);
			dependencies = (
			);
			name = DoBday;
			productName = DoBday;
			productReference = F7386F9D2CC0F83700C38E73 /* DoBday.app */;
			productType = "com.apple.product-type.application";
		};
/* End PBXNativeTarget section */

/* Begin PBXProject section */
		F7386F952CC0F83700C38E73 /* Project object */ = {
			isa = PBXProject;
			attributes = {
				BuildIndependentTargetsInParallel = 1;
				LastSwiftUpdateCheck = 1540;
				LastUpgradeCheck = 1540;
				TargetAttributes = {
					F7386F9C2CC0F83700C38E73 = {
						CreatedOnToolsVersion = 15.4;
					};
				};
			};
			buildConfigurationList = F7386F982CC0F83700C38E73 /* Build configuration list for PBXProject "DoBday" */;
			compatibilityVersion = "Xcode 14.0";
			developmentRegion = en;
			hasScannedForEncodings = 0;
			knownRegions = (
				en,
				Base,
			);
			mainGroup = F7386F942CC0F83700C38E73;
			productRefGroup = F7386F9E2CC0F83700C38E73 /* Products */;
			projectDirPath = "";
			projectRoot = "";
			targets = (
				F7386F9C2CC0F83700C38E73 /* DoBday */,
			);
		};
/* End PBXProject section */

/* Begin PBXResourcesBuildPhase section */
		F7386F9B2CC0F83700C38E73 /* Resources */ = {
			isa = PBXResourcesBuildPhase;
			buildActionMask = 2147483647;
			files = (
				F7386FA82CC0F83900C38E73 /* Preview Assets.xcassets in Resources */,
				F7386FA52CC0F83900C38E73 /* Assets.xcassets in Resources */,
			);
			runOnlyForDeploymentPostprocessing = 0;
		};
/* End PBXResourcesBuildPhase section */

/* Begin PBXSourcesBuildPhase section */
		F7386F992CC0F83700C38E73 /* Sources */ = {
			isa = PBXSourcesBuildPhase;
			buildActionMask = 2147483647;
			files = (
				93ED0E922CC10185003250A9 /* MockupData.swift in Sources */,
				F7386FBC2CC0F91F00C38E73 /* Helper+Fonts.swift in Sources */,
				F7386FB62CC0F8F900C38E73 /* Model.swift in Sources */,
				F7386FA32CC0F83700C38E73 /* ContentView.swift in Sources */,
				F7386FB82CC0F90000C38E73 /* ViewModel.swift in Sources */,
				F7386FA12CC0F83700C38E73 /* DoBdayApp.swift in Sources */,
				F7386FBA2CC0F90C00C38E73 /* Component.swift in Sources */,
			);
			runOnlyForDeploymentPostprocessing = 0;
		};
/* End PBXSourcesBuildPhase section */

/* Begin XCBuildConfiguration section */
		F7386FA92CC0F83900C38E73 /* Debug */ = {
			isa = XCBuildConfiguration;
			buildSettings = {
				ALWAYS_SEARCH_USER_PATHS = NO;
				ASSETCATALOG_COMPILER_GENERATE_SWIFT_ASSET_SYMBOL_EXTENSIONS = YES;
				CLANG_ANALYZER_NONNULL = YES;
				CLANG_ANALYZER_NUMBER_OBJECT_CONVERSION = YES_AGGRESSIVE;
				CLANG_CXX_LANGUAGE_STANDARD = "gnu++20";
				CLANG_ENABLE_MODULES = YES;
				CLANG_ENABLE_OBJC_ARC = YES;
				CLANG_ENABLE_OBJC_WEAK = YES;
				CLANG_WARN_BLOCK_CAPTURE_AUTORELEASING = YES;
				CLANG_WARN_BOOL_CONVERSION = YES;
				CLANG_WARN_COMMA = YES;
				CLANG_WARN_CONSTANT_CONVERSION = YES;
				CLANG_WARN_DEPRECATED_OBJC_IMPLEMENTATIONS = YES;
				CLANG_WARN_DIRECT_OBJC_ISA_USAGE = YES_ERROR;
				CLANG_WARN_DOCUMENTATION_COMMENTS = YES;
				CLANG_WARN_EMPTY_BODY = YES;
				CLANG_WARN_ENUM_CONVERSION = YES;
				CLANG_WARN_INFINITE_RECURSION = YES;
				CLANG_WARN_INT_CONVERSION = YES;
				CLANG_WARN_NON_LITERAL_NULL_CONVERSION = YES;
				CLANG_WARN_OBJC_IMPLICIT_RETAIN_SELF = YES;
				CLANG_WARN_OBJC_LITERAL_CONVERSION = YES;
				CLANG_WARN_OBJC_ROOT_CLASS = YES_ERROR;
				CLANG_WARN_QUOTED_INCLUDE_IN_FRAMEWORK_HEADER = YES;
				CLANG_WARN_RANGE_LOOP_ANALYSIS = YES;
				CLANG_WARN_STRICT_PROTOTYPES = YES;
				CLANG_WARN_SUSPICIOUS_MOVE = YES;
				CLANG_WARN_UNGUARDED_AVAILABILITY = YES_AGGRESSIVE;
				CLANG_WARN_UNREACHABLE_CODE = YES;
				CLANG_WARN__DUPLICATE_METHOD_MATCH = YES;
				COPY_PHASE_STRIP = NO;
				DEBUG_INFORMATION_FORMAT = dwarf;
				ENABLE_STRICT_OBJC_MSGSEND = YES;
				ENABLE_TESTABILITY = YES;
				ENABLE_USER_SCRIPT_SANDBOXING = YES;
				GCC_C_LANGUAGE_STANDARD = gnu17;
				GCC_DYNAMIC_NO_PIC = NO;
				GCC_NO_COMMON_BLOCKS = YES;
				GCC_OPTIMIZATION_LEVEL = 0;
				GCC_PREPROCESSOR_DEFINITIONS = (
					"DEBUG=1",
					"$(inherited)",
				);
				GCC_WARN_64_TO_32_BIT_CONVERSION = YES;
				GCC_WARN_ABOUT_RETURN_TYPE = YES_ERROR;
				GCC_WARN_UNDECLARED_SELECTOR = YES;
				GCC_WARN_UNINITIALIZED_AUTOS = YES_AGGRESSIVE;
				GCC_WARN_UNUSED_FUNCTION = YES;
				GCC_WARN_UNUSED_VARIABLE = YES;
				IPHONEOS_DEPLOYMENT_TARGET = 17.5;
				LOCALIZATION_PREFERS_STRING_CATALOGS = YES;
				MTL_ENABLE_DEBUG_INFO = INCLUDE_SOURCE;
				MTL_FAST_MATH = YES;
				ONLY_ACTIVE_ARCH = YES;
				SDKROOT = iphoneos;
				SWIFT_ACTIVE_COMPILATION_CONDITIONS = "DEBUG $(inherited)";
				SWIFT_OPTIMIZATION_LEVEL = "-Onone";
			};
			name = Debug;
		};
		F7386FAA2CC0F83900C38E73 /* Release */ = {
			isa = XCBuildConfiguration;
			buildSettings = {
				ALWAYS_SEARCH_USER_PATHS = NO;
				ASSETCATALOG_COMPILER_GENERATE_SWIFT_ASSET_SYMBOL_EXTENSIONS = YES;
				CLANG_ANALYZER_NONNULL = YES;
				CLANG_ANALYZER_NUMBER_OBJECT_CONVERSION = YES_AGGRESSIVE;
				CLANG_CXX_LANGUAGE_STANDARD = "gnu++20";
				CLANG_ENABLE_MODULES = YES;
				CLANG_ENABLE_OBJC_ARC = YES;
				CLANG_ENABLE_OBJC_WEAK = YES;
				CLANG_WARN_BLOCK_CAPTURE_AUTORELEASING = YES;
				CLANG_WARN_BOOL_CONVERSION = YES;
				CLANG_WARN_COMMA = YES;
				CLANG_WARN_CONSTANT_CONVERSION = YES;
				CLANG_WARN_DEPRECATED_OBJC_IMPLEMENTATIONS = YES;
				CLANG_WARN_DIRECT_OBJC_ISA_USAGE = YES_ERROR;
				CLANG_WARN_DOCUMENTATION_COMMENTS = YES;
				CLANG_WARN_EMPTY_BODY = YES;
				CLANG_WARN_ENUM_CONVERSION = YES;
				CLANG_WARN_INFINITE_RECURSION = YES;
				CLANG_WARN_INT_CONVERSION = YES;
				CLANG_WARN_NON_LITERAL_NULL_CONVERSION = YES;
				CLANG_WARN_OBJC_IMPLICIT_RETAIN_SELF = YES;
				CLANG_WARN_OBJC_LITERAL_CONVERSION = YES;
				CLANG_WARN_OBJC_ROOT_CLASS = YES_ERROR;
				CLANG_WARN_QUOTED_INCLUDE_IN_FRAMEWORK_HEADER = YES;
				CLANG_WARN_RANGE_LOOP_ANALYSIS = YES;
				CLANG_WARN_STRICT_PROTOTYPES = YES;
				CLANG_WARN_SUSPICIOUS_MOVE = YES;
				CLANG_WARN_UNGUARDED_AVAILABILITY = YES_AGGRESSIVE;
				CLANG_WARN_UNREACHABLE_CODE = YES;
				CLANG_WARN__DUPLICATE_METHOD_MATCH = YES;
				COPY_PHASE_STRIP = NO;
				DEBUG_INFORMATION_FORMAT = "dwarf-with-dsym";
				ENABLE_NS_ASSERTIONS = NO;
				ENABLE_STRICT_OBJC_MSGSEND = YES;
				ENABLE_USER_SCRIPT_SANDBOXING = YES;
				GCC_C_LANGUAGE_STANDARD = gnu17;
				GCC_NO_COMMON_BLOCKS = YES;
				GCC_WARN_64_TO_32_BIT_CONVERSION = YES;
				GCC_WARN_ABOUT_RETURN_TYPE = YES_ERROR;
				GCC_WARN_UNDECLARED_SELECTOR = YES;
				GCC_WARN_UNINITIALIZED_AUTOS = YES_AGGRESSIVE;
				GCC_WARN_UNUSED_FUNCTION = YES;
				GCC_WARN_UNUSED_VARIABLE = YES;
				IPHONEOS_DEPLOYMENT_TARGET = 17.5;
				LOCALIZATION_PREFERS_STRING_CATALOGS = YES;
				MTL_ENABLE_DEBUG_INFO = NO;
				MTL_FAST_MATH = YES;
				SDKROOT = iphoneos;
				SWIFT_COMPILATION_MODE = wholemodule;
				VALIDATE_PRODUCT = YES;
			};
			name = Release;
		};
		F7386FAC2CC0F83900C38E73 /* Debug */ = {
			isa = XCBuildConfiguration;
			buildSettings = {
				ASSETCATALOG_COMPILER_APPICON_NAME = AppIcon;
				ASSETCATALOG_COMPILER_GLOBAL_ACCENT_COLOR_NAME = AccentColor;
				CODE_SIGN_STYLE = Automatic;
				CURRENT_PROJECT_VERSION = 1;
				DEVELOPMENT_ASSET_PATHS = "\"DoBday/Preview Content\"";
				DEVELOPMENT_TEAM = RH8DZ4H46B;
				ENABLE_PREVIEWS = YES;
				GENERATE_INFOPLIST_FILE = YES;
				INFOPLIST_KEY_UIApplicationSceneManifest_Generation = YES;
				INFOPLIST_KEY_UIApplicationSupportsIndirectInputEvents = YES;
				INFOPLIST_KEY_UILaunchScreen_Generation = YES;
				INFOPLIST_KEY_UISupportedInterfaceOrientations_iPad = "UIInterfaceOrientationPortrait UIInterfaceOrientationPortraitUpsideDown UIInterfaceOrientationLandscapeLeft UIInterfaceOrientationLandscapeRight";
				INFOPLIST_KEY_UISupportedInterfaceOrientations_iPhone = "UIInterfaceOrientationPortrait UIInterfaceOrientationLandscapeLeft UIInterfaceOrientationLandscapeRight";
				LD_RUNPATH_SEARCH_PATHS = (
					"$(inherited)",
					"@executable_path/Frameworks",
				);
				MARKETING_VERSION = 1.0;
				PRODUCT_BUNDLE_IDENTIFIER = DoRise.DoBday;
				PRODUCT_NAME = "$(TARGET_NAME)";
				SWIFT_EMIT_LOC_STRINGS = YES;
				SWIFT_VERSION = 5.0;
				TARGETED_DEVICE_FAMILY = "1,2";
			};
			name = Debug;
		};
		F7386FAD2CC0F83900C38E73 /* Release */ = {
			isa = XCBuildConfiguration;
			buildSettings = {
				ASSETCATALOG_COMPILER_APPICON_NAME = AppIcon;
				ASSETCATALOG_COMPILER_GLOBAL_ACCENT_COLOR_NAME = AccentColor;
				CODE_SIGN_STYLE = Automatic;
				CURRENT_PROJECT_VERSION = 1;
				DEVELOPMENT_ASSET_PATHS = "\"DoBday/Preview Content\"";
				DEVELOPMENT_TEAM = RH8DZ4H46B;
				ENABLE_PREVIEWS = YES;
				GENERATE_INFOPLIST_FILE = YES;
				INFOPLIST_KEY_UIApplicationSceneManifest_Generation = YES;
				INFOPLIST_KEY_UIApplicationSupportsIndirectInputEvents = YES;
				INFOPLIST_KEY_UILaunchScreen_Generation = YES;
				INFOPLIST_KEY_UISupportedInterfaceOrientations_iPad = "UIInterfaceOrientationPortrait UIInterfaceOrientationPortraitUpsideDown UIInterfaceOrientationLandscapeLeft UIInterfaceOrientationLandscapeRight";
				INFOPLIST_KEY_UISupportedInterfaceOrientations_iPhone = "UIInterfaceOrientationPortrait UIInterfaceOrientationLandscapeLeft UIInterfaceOrientationLandscapeRight";
				LD_RUNPATH_SEARCH_PATHS = (
					"$(inherited)",
					"@executable_path/Frameworks",
				);
				MARKETING_VERSION = 1.0;
				PRODUCT_BUNDLE_IDENTIFIER = DoRise.DoBday;
				PRODUCT_NAME = "$(TARGET_NAME)";
				SWIFT_EMIT_LOC_STRINGS = YES;
				SWIFT_VERSION = 5.0;
				TARGETED_DEVICE_FAMILY = "1,2";
			};
			name = Release;
		};
/* End XCBuildConfiguration section */

/* Begin XCConfigurationList section */
		F7386F982CC0F83700C38E73 /* Build configuration list for PBXProject "DoBday" */ = {
			isa = XCConfigurationList;
			buildConfigurations = (
				F7386FA92CC0F83900C38E73 /* Debug */,
				F7386FAA2CC0F83900C38E73 /* Release */,
			);
			defaultConfigurationIsVisible = 0;
			defaultConfigurationName = Release;
		};
		F7386FAB2CC0F83900C38E73 /* Build configuration list for PBXNativeTarget "DoBday" */ = {
			isa = XCConfigurationList;
			buildConfigurations = (
				F7386FAC2CC0F83900C38E73 /* Debug */,
				F7386FAD2CC0F83900C38E73 /* Release */,
			);
			defaultConfigurationIsVisible = 0;
			defaultConfigurationName = Release;
		};
/* End XCConfigurationList section */
	};
	rootObject = F7386F952CC0F83700C38E73 /* Project object */;
}
